{
  "name": "jamaran-instagram",
  "version": "1.0.0",
  "lockfileVersion": 2,
  "requires": true,
  "packages": {
    "": {
      "version": "1.0.0",
      "license": "ISC",
      "dependencies": {
        "@tinymce/tinymce-vue": "^3.2.8",
        "cropme": "^1.4.3",
        "dom-to-image": "^2.6.0",
        "jquery": "^3.6.0",
        "process": "^0.11.10",
        "promise-polyfill": "^8.2.0",
        "tinymce": "^5.8.0",
        "vue": "^2.6.12"
      }
    },
    "node_modules/@tinymce/tinymce-vue": {
      "version": "3.2.8",
      "resolved": "https://registry.npmjs.org/@tinymce/tinymce-vue/-/tinymce-vue-3.2.8.tgz",
      "integrity": "sha512-jEz+NZ0g+FZFz273OEUWz9QkwPMyjc5AJYyxOgu51O1Y5UaJ/6IUddXTX6A20mwCleEv5ebwNYdalviafx4fnA==",
      "peerDependencies": {
        "vue": "^2.4.3"
      }
    },
    "node_modules/cropme": {
      "version": "1.4.3",
      "resolved": "https://registry.npmjs.org/cropme/-/cropme-1.4.3.tgz",
      "integrity": "sha512-LqF1KnCYvZcEiJD8ipRe48KUzGbIBYfE1x7kD4IxmVkTPoda2pUZ+AHKmR0hjwT+6Y07AyNGv+K94KDsnsx9Lg=="
    },
    "node_modules/dom-to-image": {
      "version": "2.6.0",
      "resolved": "https://registry.npmjs.org/dom-to-image/-/dom-to-image-2.6.0.tgz",
      "integrity": "sha1-ilA2CAiMh7HCL5A0rgMuGJiVWGc="
    },
    "node_modules/jquery": {
      "version": "3.6.0",
      "resolved": "https://registry.npmjs.org/jquery/-/jquery-3.6.0.tgz",
      "integrity": "sha512-JVzAR/AjBvVt2BmYhxRCSYysDsPcssdmTFnzyLEts9qNwmjmu4JTAMYubEfwVOSwpQ1I1sKKFcxhZCI2buerfw=="
    },
    "node_modules/process": {
      "version": "0.11.10",
      "resolved": "https://registry.npmjs.org/process/-/process-0.11.10.tgz",
      "integrity": "sha1-czIwDoQBYb2j5podHZGn1LwW8YI=",
      "engines": {
        "node": ">= 0.6.0"
      }
    },
    "node_modules/promise-polyfill": {
      "version": "8.2.0",
      "resolved": "https://registry.npmjs.org/promise-polyfill/-/promise-polyfill-8.2.0.tgz",
      "integrity": "sha512-k/TC0mIcPVF6yHhUvwAp7cvL6I2fFV7TzF1DuGPI8mBh4QQazf36xCKEHKTZKRysEoTQoQdKyP25J8MPJp7j5g=="
    },
    "node_modules/tinymce": {
      "version": "5.8.0",
      "resolved": "https://registry.npmjs.org/tinymce/-/tinymce-5.8.0.tgz",
      "integrity": "sha512-1bOI3k+1D76rVjAJC3XkHezXJVghurnKBDREF1STHBLTQUY17XTbaDNJUxNgJqJHa2xg1udd5I1bzdfSd77DGw=="
    },
    "node_modules/vue": {
      "version": "2.6.12",
      "resolved": "https://registry.npmjs.org/vue/-/vue-2.6.12.tgz",
      "integrity": "sha512-uhmLFETqPPNyuLLbsKz6ioJ4q7AZHzD8ZVFNATNyICSZouqP2Sz0rotWQC8UNBF6VGSCs5abnKJoStA6JbCbfg=="
    }
  },
  "dependencies": {
    "@tinymce/tinymce-vue": {
      "version": "3.2.8",
      "resolved": "https://registry.npmjs.org/@tinymce/tinymce-vue/-/tinymce-vue-3.2.8.tgz",
      "integrity": "sha512-jEz+NZ0g+FZFz273OEUWz9QkwPMyjc5AJYyxOgu51O1Y5UaJ/6IUddXTX6A20mwCleEv5ebwNYdalviafx4fnA==",
      "requires": {}
    },
    "cropme": {
      "version": "1.4.3",
      "resolved": "https://registry.npmjs.org/cropme/-/cropme-1.4.3.tgz",
      "integrity": "sha512-LqF1KnCYvZcEiJD8ipRe48KUzGbIBYfE1x7kD4IxmVkTPoda2pUZ+AHKmR0hjwT+6Y07AyNGv+K94KDsnsx9Lg=="
    },
    "dom-to-image": {
      "version": "2.6.0",
      "resolved": "https://registry.npmjs.org/dom-to-image/-/dom-to-image-2.6.0.tgz",
      "integrity": "sha1-ilA2CAiMh7HCL5A0rgMuGJiVWGc="
    },
    "jquery": {
      "version": "3.6.0",
      "resolved": "https://registry.npmjs.org/jquery/-/jquery-3.6.0.tgz",
      "integrity": "sha512-JVzAR/AjBvVt2BmYhxRCSYysDsPcssdmTFnzyLEts9qNwmjmu4JTAMYubEfwVOSwpQ1I1sKKFcxhZCI2buerfw=="
    },
    "process": {
      "version": "0.11.10",
      "resolved": "https://registry.npmjs.org/process/-/process-0.11.10.tgz",
      "integrity": "sha1-czIwDoQBYb2j5podHZGn1LwW8YI="
    },
    "promise-polyfill": {
      "version": "8.2.0",
      "resolved": "https://registry.npmjs.org/promise-polyfill/-/promise-polyfill-8.2.0.tgz",
      "integrity": "sha512-k/TC0mIcPVF6yHhUvwAp7cvL6I2fFV7TzF1DuGPI8mBh4QQazf36xCKEHKTZKRysEoTQoQdKyP25J8MPJp7j5g=="
    },
    "tinymce": {
      "version": "5.8.0",
      "resolved": "https://registry.npmjs.org/tinymce/-/tinymce-5.8.0.tgz",
      "integrity": "sha512-1bOI3k+1D76rVjAJC3XkHezXJVghurnKBDREF1STHBLTQUY17XTbaDNJUxNgJqJHa2xg1udd5I1bzdfSd77DGw=="
    },
    "vue": {
      "version": "2.6.12",
      "resolved": "https://registry.npmjs.org/vue/-/vue-2.6.12.tgz",
      "integrity": "sha512-uhmLFETqPPNyuLLbsKz6ioJ4q7AZHzD8ZVFNATNyICSZouqP2Sz0rotWQC8UNBF6VGSCs5abnKJoStA6JbCbfg=="
    }
  }
}
